
Microsoft Visual Studio Solution File, Format Version 12.00
# Visual Studio Version 17
VisualStudioVersion = 17.8.34330.188
MinimumVisualStudioVersion = 10.0.40219.1
Project("{9A19103F-16F7-4668-BE54-9A1E7A4F7556}") = "ConsoleApp1", "ConsoleApp1.csproj", "{A16F030F-C97C-4354-99B4-420608D8B2A5}"
EndProject
Project("{9A19103F-16F7-4668-BE54-9A1E7A4F7556}") = "Test", "..\Test\Test.csproj", "{9A6E8C37-3FE7-440D-9EFC-286BEAE8C244}"
EndProject
Project("{9A19103F-16F7-4668-BE54-9A1E7A4F7556}") = "Test2", "..\Test2\Test2.csproj", "{05586DC5-BB99-4941-BA9B-C6F7A521B2CB}"
EndProject
Project("{9A19103F-16F7-4668-BE54-9A1E7A4F7556}") = "Test3", "..\Test3\Test3.csproj", "{F913FE2D-0733-479F-9486-229AA6A7097E}"
EndProject
Project("{FAE04EC0-301F-11D3-BF4B-00C04F79EFBC}") = "Test4", "..\Test4\Test4.csproj", "{D0AD4178-2CC8-4ADD-B8DD-A1D0FF72D337}"
EndProject
Global
	GlobalSection(SolutionConfigurationPlatforms) = preSolution
		Debug|Any CPU = Debug|Any CPU
		Release|Any CPU = Release|Any CPU
	EndGlobalSection
	GlobalSection(ProjectConfigurationPlatforms) = postSolution
		{A16F030F-C97C-4354-99B4-420608D8B2A5}.Debug|Any CPU.ActiveCfg = Debug|Any CPU
		{A16F030F-C97C-4354-99B4-420608D8B2A5}.Debug|Any CPU.Build.0 = Debug|Any CPU
		{A16F030F-C97C-4354-99B4-420608D8B2A5}.Release|Any CPU.ActiveCfg = Release|Any CPU
		{A16F030F-C97C-4354-99B4-420608D8B2A5}.Release|Any CPU.Build.0 = Release|Any CPU
		{9A6E8C37-3FE7-440D-9EFC-286BEAE8C244}.Debug|Any CPU.ActiveCfg = Debug|Any CPU
		{9A6E8C37-3FE7-440D-9EFC-286BEAE8C244}.Debug|Any CPU.Build.0 = Debug|Any CPU
		{9A6E8C37-3FE7-440D-9EFC-286BEAE8C244}.Release|Any CPU.ActiveCfg = Release|Any CPU
		{9A6E8C37-3FE7-440D-9EFC-286BEAE8C244}.Release|Any CPU.Build.0 = Release|Any CPU
		{05586DC5-BB99-4941-BA9B-C6F7A521B2CB}.Debug|Any CPU.ActiveCfg = Debug|Any CPU
		{05586DC5-BB99-4941-BA9B-C6F7A521B2CB}.Debug|Any CPU.Build.0 = Debug|Any CPU
		{05586DC5-BB99-4941-BA9B-C6F7A521B2CB}.Release|Any CPU.ActiveCfg = Release|Any CPU
		{05586DC5-BB99-4941-BA9B-C6F7A521B2CB}.Release|Any CPU.Build.0 = Release|Any CPU
		{F913FE2D-0733-479F-9486-229AA6A7097E}.Debug|Any CPU.ActiveCfg = Debug|Any CPU
		{F913FE2D-0733-479F-9486-229AA6A7097E}.Debug|Any CPU.Build.0 = Debug|Any CPU
		{F913FE2D-0733-479F-9486-229AA6A7097E}.Release|Any CPU.ActiveCfg = Release|Any CPU
		{F913FE2D-0733-479F-9486-229AA6A7097E}.Release|Any CPU.Build.0 = Release|Any CPU
		{D0AD4178-2CC8-4ADD-B8DD-A1D0FF72D337}.Debug|Any CPU.ActiveCfg = Debug|Any CPU
		{D0AD4178-2CC8-4ADD-B8DD-A1D0FF72D337}.Debug|Any CPU.Build.0 = Debug|Any CPU
		{D0AD4178-2CC8-4ADD-B8DD-A1D0FF72D337}.Release|Any CPU.ActiveCfg = Release|Any CPU
		{D0AD4178-2CC8-4ADD-B8DD-A1D0FF72D337}.Release|Any CPU.Build.0 = Release|Any CPU
	EndGlobalSection
	GlobalSection(SolutionProperties) = preSolution
		HideSolutionNode = FALSE
	EndGlobalSection
	GlobalSection(ExtensibilityGlobals) = postSolution
		SolutionGuid = {0413B1E3-763C-47FA-8960-537AD159D02A}
	EndGlobalSection
EndGlobal
